
Microsoft Visual Studio Solution File, Format Version 12.00
# Visual Studio Version 17
VisualStudioVersion = 17.14.36511.14 d17.14
MinimumVisualStudioVersion = 10.0.40219.1
Project("{FAE04EC0-301F-11D3-BF4B-00C04F79EFBC}") = "Labb3_QuizApp", "Labb3_QuizApp\Labb3_QuizApp.csproj", "{3A10E4B0-B86F-410D-8CB7-8DAE8FBB67C4}"
EndProject
Global
	GlobalSection(SolutionConfigurationPlatforms) = preSolution
		Debug|Any CPU = Debug|Any CPU
		Release|Any CPU = Release|Any CPU
	EndGlobalSection
	GlobalSection(ProjectConfigurationPlatforms) = postSolution
		{3A10E4B0-B86F-410D-8CB7-8DAE8FBB67C4}.Debug|Any CPU.ActiveCfg = Debug|Any CPU
		{3A10E4B0-B86F-410D-8CB7-8DAE8FBB67C4}.Debug|Any CPU.Build.0 = Debug|Any CPU
		{3A10E4B0-B86F-410D-8CB7-8DAE8FBB67C4}.Release|Any CPU.ActiveCfg = Release|Any CPU
		{3A10E4B0-B86F-410D-8CB7-8DAE8FBB67C4}.Release|Any CPU.Build.0 = Release|Any CPU
	EndGlobalSection
	GlobalSection(SolutionProperties) = preSolution
		HideSolutionNode = FALSE
	EndGlobalSection
	GlobalSection(ExtensibilityGlobals) = postSolution
		SolutionGuid = {9556954C-CF3A-4EF2-ACA4-F021B5576347}
	EndGlobalSection
EndGlobal
